// !$*UTF8*$!
{
	archiveVersion = 1;
	classes = {
	};
	objectVersion = 50;
	objects = {

/* Begin PBXBuildFile section */
		EDA6A100234C1062001208D6 /* AppDelegate.swift in Sources */ = {isa = PBXBuildFile; fileRef = EDA6A0FF234C1062001208D6 /* AppDelegate.swift */; };
		EDA6A102234C1062001208D6 /* SceneDelegate.swift in Sources */ = {isa = PBXBuildFile; fileRef = EDA6A101234C1062001208D6 /* SceneDelegate.swift */; };
		EDA6A104234C1062001208D6 /* ViewController.swift in Sources */ = {isa = PBXBuildFile; fileRef = EDA6A103234C1062001208D6 /* ViewController.swift */; };
		EDA6A107234C1062001208D6 /* Main.storyboard in Resources */ = {isa = PBXBuildFile; fileRef = EDA6A105234C1062001208D6 /* Main.storyboard */; };
		EDA6A109234C1064001208D6 /* Assets.xcassets in Resources */ = {isa = PBXBuildFile; fileRef = EDA6A108234C1064001208D6 /* Assets.xcassets */; };
		EDA6A10C234C1064001208D6 /* LaunchScreen.storyboard in Resources */ = {isa = PBXBuildFile; fileRef = EDA6A10A234C1064001208D6 /* LaunchScreen.storyboard */; };
		EDA6A117234C1065001208D6 /* oseroAppTests.swift in Sources */ = {isa = PBXBuildFile; fileRef = EDA6A116234C1065001208D6 /* oseroAppTests.swift */; };
		EDA6A122234C1065001208D6 /* oseroAppUITests.swift in Sources */ = {isa = PBXBuildFile; fileRef = EDA6A121234C1065001208D6 /* oseroAppUITests.swift */; };
		EDA6A134234C1265001208D6 /* Board.swift in Sources */ = {isa = PBXBuildFile; fileRef = EDA6A133234C1265001208D6 /* Board.swift */; };
		EDBDE1322368238C00775621 /* StartViewController.swift in Sources */ = {isa = PBXBuildFile; fileRef = EDBDE1312368238C00775621 /* StartViewController.swift */; };
/* End PBXBuildFile section */

/* Begin PBXContainerItemProxy section */
		EDA6A113234C1065001208D6 /* PBXContainerItemProxy */ = {
			isa = PBXContainerItemProxy;
			containerPortal = EDA6A0F4234C1062001208D6 /* Project object */;
			proxyType = 1;
			remoteGlobalIDString = EDA6A0FB234C1062001208D6;
			remoteInfo = oseroApp;
		};
		EDA6A11E234C1065001208D6 /* PBXContainerItemProxy */ = {
			isa = PBXContainerItemProxy;
			containerPortal = EDA6A0F4234C1062001208D6 /* Project object */;
			proxyType = 1;
			remoteGlobalIDString = EDA6A0FB234C1062001208D6;
			remoteInfo = oseroApp;
		};
/* End PBXContainerItemProxy section */

/* Begin PBXFileReference section */
		EDA6A0FC234C1062001208D6 /* oseroApp.app */ = {isa = PBXFileReference; explicitFileType = wrapper.application; includeInIndex = 0; path = oseroApp.app; sourceTree = BUILT_PRODUCTS_DIR; };
		EDA6A0FF234C1062001208D6 /* AppDelegate.swift */ = {isa = PBXFileReference; lastKnownFileType = sourcecode.swift; path = AppDelegate.swift; sourceTree = "<group>"; };
		EDA6A101234C1062001208D6 /* SceneDelegate.swift */ = {isa = PBXFileReference; lastKnownFileType = sourcecode.swift; path = SceneDelegate.swift; sourceTree = "<group>"; };
		EDA6A103234C1062001208D6 /* ViewController.swift */ = {isa = PBXFileReference; lastKnownFileType = sourcecode.swift; path = ViewController.swift; sourceTree = "<group>"; };
		EDA6A106234C1062001208D6 /* Base */ = {isa = PBXFileReference; lastKnownFileType = file.storyboard; name = Base; path = Base.lproj/Main.storyboard; sourceTree = "<group>"; };
		EDA6A108234C1064001208D6 /* Assets.xcassets */ = {isa = PBXFileReference; lastKnownFileType = folder.assetcatalog; path = Assets.xcassets; sourceTree = "<group>"; };
		EDA6A10B234C1064001208D6 /* Base */ = {isa = PBXFileReference; lastKnownFileType = file.storyboard; name = Base; path = Base.lproj/LaunchScreen.storyboard; sourceTree = "<group>"; };
		EDA6A10D234C1064001208D6 /* Info.plist */ = {isa = PBXFileReference; lastKnownFileType = text.plist.xml; path = Info.plist; sourceTree = "<group>"; };
		EDA6A112234C1065001208D6 /* oseroAppTests.xctest */ = {isa = PBXFileReference; explicitFileType = wrapper.cfbundle; includeInIndex = 0; path = oseroAppTests.xctest; sourceTree = BUILT_PRODUCTS_DIR; };
		EDA6A116234C1065001208D6 /* oseroAppTests.swift */ = {isa = PBXFileReference; lastKnownFileType = sourcecode.swift; path = oseroAppTests.swift; sourceTree = "<group>"; };
		EDA6A118234C1065001208D6 /* Info.plist */ = {isa = PBXFileReference; lastKnownFileType = text.plist.xml; path = Info.plist; sourceTree = "<group>"; };
		EDA6A11D234C1065001208D6 /* oseroAppUITests.xctest */ = {isa = PBXFileReference; explicitFileType = wrapper.cfbundle; includeInIndex = 0; path = oseroAppUITests.xctest; sourceTree = BUILT_PRODUCTS_DIR; };
		EDA6A121234C1065001208D6 /* oseroAppUITests.swift */ = {isa = PBXFileReference; lastKnownFileType = sourcecode.swift; path = oseroAppUITests.swift; sourceTree = "<group>"; };
		EDA6A123234C1065001208D6 /* Info.plist */ = {isa = PBXFileReference; lastKnownFileType = text.plist.xml; path = Info.plist; sourceTree = "<group>"; };
		EDA6A133234C1265001208D6 /* Board.swift */ = {isa = PBXFileReference; lastKnownFileType = sourcecode.swift; path = Board.swift; sourceTree = "<group>"; };
		EDBDE1312368238C00775621 /* StartViewController.swift */ = {isa = PBXFileReference; lastKnownFileType = sourcecode.swift; path = StartViewController.swift; sourceTree = "<group>"; };
/* End PBXFileReference section */

/* Begin PBXFrameworksBuildPhase section */
		EDA6A0F9234C1062001208D6 /* Frameworks */ = {
			isa = PBXFrameworksBuildPhase;
			buildActionMask = 2147483647;
			files = (
			);
			runOnlyForDeploymentPostprocessing = 0;
		};
		EDA6A10F234C1065001208D6 /* Frameworks */ = {
			isa = PBXFrameworksBuildPhase;
			buildActionMask = 2147483647;
			files = (
			);
			runOnlyForDeploymentPostprocessing = 0;
		};
		EDA6A11A234C1065001208D6 /* Frameworks */ = {
			isa = PBXFrameworksBuildPhase;
			buildActionMask = 2147483647;
			files = (
			);
			runOnlyForDeploymentPostprocessing = 0;
		};
/* End PBXFrameworksBuildPhase section */

/* Begin PBXGroup section */
		EDA6A0F3234C1062001208D6 = {
			isa = PBXGroup;
			children = (
				EDA6A0FE234C1062001208D6 /* oseroApp */,
				EDA6A115234C1065001208D6 /* oseroAppTests */,
				EDA6A120234C1065001208D6 /* oseroAppUITests */,
				EDA6A0FD234C1062001208D6 /* Products */,
			);
			sourceTree = "<group>";
		};
		EDA6A0FD234C1062001208D6 /* Products */ = {
			isa = PBXGroup;
			children = (
				EDA6A0FC234C1062001208D6 /* oseroApp.app */,
				EDA6A112234C1065001208D6 /* oseroAppTests.xctest */,
				EDA6A11D234C1065001208D6 /* oseroAppUITests.xctest */,
			);
			name = Products;
			sourceTree = "<group>";
		};
		EDA6A0FE234C1062001208D6 /* oseroApp */ = {
			isa = PBXGroup;
			children = (
				EDA6A0FF234C1062001208D6 /* AppDelegate.swift */,
				EDA6A101234C1062001208D6 /* SceneDelegate.swift */,
				EDA6A103234C1062001208D6 /* ViewController.swift */,
				EDBDE1312368238C00775621 /* StartViewController.swift */,
				EDA6A133234C1265001208D6 /* Board.swift */,
				EDA6A105234C1062001208D6 /* Main.storyboard */,
				EDA6A108234C1064001208D6 /* Assets.xcassets */,
				EDA6A10A234C1064001208D6 /* LaunchScreen.storyboard */,
				EDA6A10D234C1064001208D6 /* Info.plist */,
			);
			path = oseroApp;
			sourceTree = "<group>";
		};
		EDA6A115234C1065001208D6 /* oseroAppTests */ = {
			isa = PBXGroup;
			children = (
				EDA6A116234C1065001208D6 /* oseroAppTests.swift */,
				EDA6A118234C1065001208D6 /* Info.plist */,
			);
			path = oseroAppTests;
			sourceTree = "<group>";
		};
		EDA6A120234C1065001208D6 /* oseroAppUITests */ = {
			isa = PBXGroup;
			children = (
				EDA6A121234C1065001208D6 /* oseroAppUITests.swift */,
				EDA6A123234C1065001208D6 /* Info.plist */,
			);
			path = oseroAppUITests;
			sourceTree = "<group>";
		};
/* End PBXGroup section */

/* Begin PBXNativeTarget section */
		EDA6A0FB234C1062001208D6 /* oseroApp */ = {
			isa = PBXNativeTarget;
			buildConfigurationList = EDA6A126234C1065001208D6 /* Build configuration list for PBXNativeTarget "oseroApp" */;
			buildPhases = (
				EDA6A0F8234C1062001208D6 /* Sources */,
				EDA6A0F9234C1062001208D6 /* Frameworks */,
				EDA6A0FA234C1062001208D6 /* Resources */,
			);
			buildRules = (
			);
			dependencies = (
			);
			name = oseroApp;
			productName = oseroApp;
			productReference = EDA6A0FC234C1062001208D6 /* oseroApp.app */;
			productType = "com.apple.product-type.application";
		};
		EDA6A111234C1065001208D6 /* oseroAppTests */ = {
			isa = PBXNativeTarget;
			buildConfigurationList = EDA6A129234C1065001208D6 /* Build configuration list for PBXNativeTarget "oseroAppTests" */;
			buildPhases = (
				EDA6A10E234C1065001208D6 /* Sources */,
				EDA6A10F234C1065001208D6 /* Frameworks */,
				EDA6A110234C1065001208D6 /* Resources */,
			);
			buildRules = (
			);
			dependencies = (
				EDA6A114234C1065001208D6 /* PBXTargetDependency */,
			);
			name = oseroAppTests;
			productName = oseroAppTests;
			productReference = EDA6A112234C1065001208D6 /* oseroAppTests.xctest */;
			productType = "com.apple.product-type.bundle.unit-test";
		};
		EDA6A11C234C1065001208D6 /* oseroAppUITests */ = {
			isa = PBXNativeTarget;
			buildConfigurationList = EDA6A12C234C1065001208D6 /* Build configuration list for PBXNativeTarget "oseroAppUITests" */;
			buildPhases = (
				EDA6A119234C1065001208D6 /* Sources */,
				EDA6A11A234C1065001208D6 /* Frameworks */,
				EDA6A11B234C1065001208D6 /* Resources */,
			);
			buildRules = (
			);
			dependencies = (
				EDA6A11F234C1065001208D6 /* PBXTargetDependency */,
			);
			name = oseroAppUITests;
			productName = oseroAppUITests;
			productReference = EDA6A11D234C1065001208D6 /* oseroAppUITests.xctest */;
			productType = "com.apple.product-type.bundle.ui-testing";
		};
/* End PBXNativeTarget section */

/* Begin PBXProject section */
		EDA6A0F4234C1062001208D6 /* Project object */ = {
			isa = PBXProject;
			attributes = {
				LastSwiftUpdateCheck = 1120;
				LastUpgradeCheck = 1120;
				ORGANIZATIONNAME = "森田裕";
				TargetAttributes = {
					EDA6A0FB234C1062001208D6 = {
						CreatedOnToolsVersion = 11.2;
					};
					EDA6A111234C1065001208D6 = {
						CreatedOnToolsVersion = 11.2;
						TestTargetID = EDA6A0FB234C1062001208D6;
					};
					EDA6A11C234C1065001208D6 = {
						CreatedOnToolsVersion = 11.2;
						TestTargetID = EDA6A0FB234C1062001208D6;
					};
				};
			};
			buildConfigurationList = EDA6A0F7234C1062001208D6 /* Build configuration list for PBXProject "oseroApp" */;
			compatibilityVersion = "Xcode 9.3";
			developmentRegion = en;
			hasScannedForEncodings = 0;
			knownRegions = (
				en,
				Base,
			);
			mainGroup = EDA6A0F3234C1062001208D6;
			productRefGroup = EDA6A0FD234C1062001208D6 /* Products */;
			projectDirPath = "";
			projectRoot = "";
			targets = (
				EDA6A0FB234C1062001208D6 /* oseroApp */,
				EDA6A111234C1065001208D6 /* oseroAppTests */,
				EDA6A11C234C1065001208D6 /* oseroAppUITests */,
			);
		};
/* End PBXProject section */

/* Begin PBXResourcesBuildPhase section */
		EDA6A0FA234C1062001208D6 /* Resources */ = {
			isa = PBXResourcesBuildPhase;
			buildActionMask = 2147483647;
			files = (
				EDA6A10C234C1064001208D6 /* LaunchScreen.storyboard in Resources */,
				EDA6A109234C1064001208D6 /* Assets.xcassets in Resources */,
				EDA6A107234C1062001208D6 /* Main.storyboard in Resources */,
			);
			runOnlyForDeploymentPostprocessing = 0;
		};
		EDA6A110234C1065001208D6 /* Resources */ = {
			isa = PBXResourcesBuildPhase;
			buildActionMask = 2147483647;
			files = (
			);
			runOnlyForDeploymentPostprocessing = 0;
		};
		EDA6A11B234C1065001208D6 /* Resources */ = {
			isa = PBXResourcesBuildPhase;
			buildActionMask = 2147483647;
			files = (
			);
			runOnlyForDeploymentPostprocessing = 0;
		};
/* End PBXResourcesBuildPhase section */

/* Begin PBXSourcesBuildPhase section */
		EDA6A0F8234C1062001208D6 /* Sources */ = {
			isa = PBXSourcesBuildPhase;
			buildActionMask = 2147483647;
			files = (
				EDBDE1322368238C00775621 /* StartViewController.swift in Sources */,
				EDA6A104234C1062001208D6 /* ViewController.swift in Sources */,
				EDA6A100234C1062001208D6 /* AppDelegate.swift in Sources */,
				EDA6A134234C1265001208D6 /* Board.swift in Sources */,
				EDA6A102234C1062001208D6 /* SceneDelegate.swift in Sources */,
			);
			runOnlyForDeploymentPostprocessing = 0;
		};
		EDA6A10E234C1065001208D6 /* Sources */ = {
			isa = PBXSourcesBuildPhase;
			buildActionMask = 2147483647;
			files = (
				EDA6A117234C1065001208D6 /* oseroAppTests.swift in Sources */,
			);
			runOnlyForDeploymentPostprocessing = 0;
		};
		EDA6A119234C1065001208D6 /* Sources */ = {
			isa = PBXSourcesBuildPhase;
			buildActionMask = 2147483647;
			files = (
				EDA6A122234C1065001208D6 /* oseroAppUITests.swift in Sources */,
			);
			runOnlyForDeploymentPostprocessing = 0;
		};
/* End PBXSourcesBuildPhase section */

/* Begin PBXTargetDependency section */
		EDA6A114234C1065001208D6 /* PBXTargetDependency */ = {
			isa = PBXTargetDependency;
			target = EDA6A0FB234C1062001208D6 /* oseroApp */;
			targetProxy = EDA6A113234C1065001208D6 /* PBXContainerItemProxy */;
		};
		EDA6A11F234C1065001208D6 /* PBXTargetDependency */ = {
			isa = PBXTargetDependency;
			target = EDA6A0FB234C1062001208D6 /* oseroApp */;
			targetProxy = EDA6A11E234C1065001208D6 /* PBXContainerItemProxy */;
		};
/* End PBXTargetDependency section */

/* Begin PBXVariantGroup section */
		EDA6A105234C1062001208D6 /* Main.storyboard */ = {
			isa = PBXVariantGroup;
			children = (
				EDA6A106234C1062001208D6 /* Base */,
			);
			name = Main.storyboard;
			sourceTree = "<group>";
		};
		EDA6A10A234C1064001208D6 /* LaunchScreen.storyboard */ = {
			isa = PBXVariantGroup;
			children = (
				EDA6A10B234C1064001208D6 /* Base */,
			);
			name = LaunchScreen.storyboard;
			sourceTree = "<group>";
		};
/* End PBXVariantGroup section */

/* Begin XCBuildConfiguration section */
		EDA6A124234C1065001208D6 /* Debug */ = {
			isa = XCBuildConfiguration;
			buildSettings = {
				ALWAYS_SEARCH_USER_PATHS = NO;
				CLANG_ANALYZER_NONNULL = YES;
				CLANG_ANALYZER_NUMBER_OBJECT_CONVERSION = YES_AGGRESSIVE;
				CLANG_CXX_LANGUAGE_STANDARD = "gnu++14";
				CLANG_CXX_LIBRARY = "libc++";
				CLANG_ENABLE_MODULES = YES;
				CLANG_ENABLE_OBJC_ARC = YES;
				CLANG_ENABLE_OBJC_WEAK = YES;
				CLANG_WARN_BLOCK_CAPTURE_AUTORELEASING = YES;
				CLANG_WARN_BOOL_CONVERSION = YES;
				CLANG_WARN_COMMA = YES;
				CLANG_WARN_CONSTANT_CONVERSION = YES;
				CLANG_WARN_DEPRECATED_OBJC_IMPLEMENTATIONS = YES;
				CLANG_WARN_DIRECT_OBJC_ISA_USAGE = YES_ERROR;
				CLANG_WARN_DOCUMENTATION_COMMENTS = YES;
				CLANG_WARN_EMPTY_BODY = YES;
				CLANG_WARN_ENUM_CONVERSION = YES;
				CLANG_WARN_INFINITE_RECURSION = YES;
				CLANG_WARN_INT_CONVERSION = YES;
				CLANG_WARN_NON_LITERAL_NULL_CONVERSION = YES;
				CLANG_WARN_OBJC_IMPLICIT_RETAIN_SELF = YES;
				CLANG_WARN_OBJC_LITERAL_CONVERSION = YES;
				CLANG_WARN_OBJC_ROOT_CLASS = YES_ERROR;
				CLANG_WARN_RANGE_LOOP_ANALYSIS = YES;
				CLANG_WARN_STRICT_PROTOTYPES = YES;
				CLANG_WARN_SUSPICIOUS_MOVE = YES;
				CLANG_WARN_UNGUARDED_AVAILABILITY = YES_AGGRESSIVE;
				CLANG_WARN_UNREACHABLE_CODE = YES;
				CLANG_WARN__DUPLICATE_METHOD_MATCH = YES;
				COPY_PHASE_STRIP = NO;
				DEBUG_INFORMATION_FORMAT = dwarf;
				ENABLE_STRICT_OBJC_MSGSEND = YES;
				ENABLE_TESTABILITY = YES;
				GCC_C_LANGUAGE_STANDARD = gnu11;
				GCC_DYNAMIC_NO_PIC = NO;
				GCC_NO_COMMON_BLOCKS = YES;
				GCC_OPTIMIZATION_LEVEL = 0;
				GCC_PREPROCESSOR_DEFINITIONS = (
					"DEBUG=1",
					"$(inherited)",
				);
				GCC_WARN_64_TO_32_BIT_CONVERSION = YES;
				GCC_WARN_ABOUT_RETURN_TYPE = YES_ERROR;
				GCC_WARN_UNDECLARED_SELECTOR = YES;
				GCC_WARN_UNINITIALIZED_AUTOS = YES_AGGRESSIVE;
				GCC_WARN_UNUSED_FUNCTION = YES;
				GCC_WARN_UNUSED_VARIABLE = YES;
				IPHONEOS_DEPLOYMENT_TARGET = 13.2;
				MTL_ENABLE_DEBUG_INFO = INCLUDE_SOURCE;
				MTL_FAST_MATH = YES;
				ONLY_ACTIVE_ARCH = YES;
				SDKROOT = iphoneos;
				SWIFT_ACTIVE_COMPILATION_CONDITIONS = DEBUG;
				SWIFT_OPTIMIZATION_LEVEL = "-Onone";
			};
			name = Debug;
		};
		EDA6A125234C1065001208D6 /* Release */ = {
			isa = XCBuildConfiguration;
			buildSettings = {
				ALWAYS_SEARCH_USER_PATHS = NO;
				CLANG_ANALYZER_NONNULL = YES;
				CLANG_ANALYZER_NUMBER_OBJECT_CONVERSION = YES_AGGRESSIVE;
				CLANG_CXX_LANGUAGE_STANDARD = "gnu++14";
				CLANG_CXX_LIBRARY = "libc++";
				CLANG_ENABLE_MODULES = YES;
				CLANG_ENABLE_OBJC_ARC = YES;
				CLANG_ENABLE_OBJC_WEAK = YES;
				CLANG_WARN_BLOCK_CAPTURE_AUTORELEASING = YES;
				CLANG_WARN_BOOL_CONVERSION = YES;
				CLANG_WARN_COMMA = YES;
				CLANG_WARN_CONSTANT_CONVERSION = YES;
				CLANG_WARN_DEPRECATED_OBJC_IMPLEMENTATIONS = YES;
				CLANG_WARN_DIRECT_OBJC_ISA_USAGE = YES_ERROR;
				CLANG_WARN_DOCUMENTATION_COMMENTS = YES;
				CLANG_WARN_EMPTY_BODY = YES;
				CLANG_WARN_ENUM_CONVERSION = YES;
				CLANG_WARN_INFINITE_RECURSION = YES;
				CLANG_WARN_INT_CONVERSION = YES;
				CLANG_WARN_NON_LITERAL_NULL_CONVERSION = YES;
				CLANG_WARN_OBJC_IMPLICIT_RETAIN_SELF = YES;
				CLANG_WARN_OBJC_LITERAL_CONVERSION = YES;
				CLANG_WARN_OBJC_ROOT_CLASS = YES_ERROR;
				CLANG_WARN_RANGE_LOOP_ANALYSIS = YES;
				CLANG_WARN_STRICT_PROTOTYPES = YES;
				CLANG_WARN_SUSPICIOUS_MOVE = YES;
				CLANG_WARN_UNGUARDED_AVAILABILITY = YES_AGGRESSIVE;
				CLANG_WARN_UNREACHABLE_CODE = YES;
				CLANG_WARN__DUPLICATE_METHOD_MATCH = YES;
				COPY_PHASE_STRIP = NO;
				DEBUG_INFORMATION_FORMAT = "dwarf-with-dsym";
				ENABLE_NS_ASSERTIONS = NO;
				ENABLE_STRICT_OBJC_MSGSEND = YES;
				GCC_C_LANGUAGE_STANDARD = gnu11;
				GCC_NO_COMMON_BLOCKS = YES;
				GCC_WARN_64_TO_32_BIT_CONVERSION = YES;
				GCC_WARN_ABOUT_RETURN_TYPE = YES_ERROR;
				GCC_WARN_UNDECLARED_SELECTOR = YES;
				GCC_WARN_UNINITIALIZED_AUTOS = YES_AGGRESSIVE;
				GCC_WARN_UNUSED_FUNCTION = YES;
				GCC_WARN_UNUSED_VARIABLE = YES;
				IPHONEOS_DEPLOYMENT_TARGET = 13.2;
				MTL_ENABLE_DEBUG_INFO = NO;
				MTL_FAST_MATH = YES;
				SDKROOT = iphoneos;
				SWIFT_COMPILATION_MODE = wholemodule;
				SWIFT_OPTIMIZATION_LEVEL = "-O";
				VALIDATE_PRODUCT = YES;
			};
			name = Release;
		};
		EDA6A127234C1065001208D6 /* Debug */ = {
			isa = XCBuildConfiguration;
			buildSettings = {
				ASSETCATALOG_COMPILER_APPICON_NAME = AppIcon;
				CODE_SIGN_STYLE = Automatic;
				DEVELOPMENT_TEAM = 9WXQ27SLSD;
				INFOPLIST_FILE = oseroApp/Info.plist;
				LD_RUNPATH_SEARCH_PATHS = (
					"$(inherited)",
					"@executable_path/Frameworks",
				);
				PRODUCT_BUNDLE_IDENTIFIER = morita.oseroApp;
				PRODUCT_NAME = "$(TARGET_NAME)";
				SWIFT_VERSION = 5.0;
				TARGETED_DEVICE_FAMILY = "1,2";
			};
			name = Debug;
		};
		EDA6A128234C1065001208D6 /* Release */ = {
			isa = XCBuildConfiguration;
			buildSettings = {
				ASSETCATALOG_COMPILER_APPICON_NAME = AppIcon;
				CODE_SIGN_STYLE = Automatic;
				DEVELOPMENT_TEAM = 9WXQ27SLSD;
				INFOPLIST_FILE = oseroApp/Info.plist;
				LD_RUNPATH_SEARCH_PATHS = (
					"$(inherited)",
					"@executable_path/Frameworks",
				);
				PRODUCT_BUNDLE_IDENTIFIER = morita.oseroApp;
				PRODUCT_NAME = "$(TARGET_NAME)";
				SWIFT_VERSION = 5.0;
				TARGETED_DEVICE_FAMILY = "1,2";
			};
			name = Release;
		};
		EDA6A12A234C1065001208D6 /* Debug */ = {
			isa = XCBuildConfiguration;
			buildSettings = {
				ALWAYS_EMBED_SWIFT_STANDARD_LIBRARIES = YES;
				BUNDLE_LOADER = "$(TEST_HOST)";
				CODE_SIGN_STYLE = Automatic;
				DEVELOPMENT_TEAM = 9WXQ27SLSD;
				INFOPLIST_FILE = oseroAppTests/Info.plist;
				IPHONEOS_DEPLOYMENT_TARGET = 13.2;
				LD_RUNPATH_SEARCH_PATHS = (
					"$(inherited)",
					"@executable_path/Frameworks",
					"@loader_path/Frameworks",
				);
				PRODUCT_BUNDLE_IDENTIFIER = morita.oseroAppTests;
				PRODUCT_NAME = "$(TARGET_NAME)";
				SWIFT_VERSION = 5.0;
				TARGETED_DEVICE_FAMILY = "1,2";
				TEST_HOST = "$(BUILT_PRODUCTS_DIR)/oseroApp.app/oseroApp";
			};
			name = Debug;
		};
		EDA6A12B234C1065001208D6 /* Release */ = {
			isa = XCBuildConfiguration;
			buildSettings = {
				ALWAYS_EMBED_SWIFT_STANDARD_LIBRARIES = YES;
				BUNDLE_LOADER = "$(TEST_HOST)";
				CODE_SIGN_STYLE = Automatic;
				DEVELOPMENT_TEAM = 9WXQ27SLSD;
				INFOPLIST_FILE = oseroAppTests/Info.plist;
				IPHONEOS_DEPLOYMENT_TARGET = 13.2;
				LD_RUNPATH_SEARCH_PATHS = (
					"$(inherited)",
					"@executable_path/Frameworks",
					"@loader_path/Frameworks",
				);
				PRODUCT_BUNDLE_IDENTIFIER = morita.oseroAppTests;
				PRODUCT_NAME = "$(TARGET_NAME)";
				SWIFT_VERSION = 5.0;
				TARGETED_DEVICE_FAMILY = "1,2";
				TEST_HOST = "$(BUILT_PRODUCTS_DIR)/oseroApp.app/oseroApp";
			};
			name = Release;
		};
		EDA6A12D234C1065001208D6 /* Debug */ = {
			isa = XCBuildConfiguration;
			buildSettings = {
				ALWAYS_EMBED_SWIFT_STANDARD_LIBRARIES = YES;
				CODE_SIGN_STYLE = Automatic;
				DEVELOPMENT_TEAM = 9WXQ27SLSD;
				INFOPLIST_FILE = oseroAppUITests/Info.plist;
				LD_RUNPATH_SEARCH_PATHS = (
					"$(inherited)",
					"@executable_path/Frameworks",
					"@loader_path/Frameworks",
				);
				PRODUCT_BUNDLE_IDENTIFIER = morita.oseroAppUITests;
				PRODUCT_NAME = "$(TARGET_NAME)";
				SWIFT_VERSION = 5.0;
				TARGETED_DEVICE_FAMILY = "1,2";
				TEST_TARGET_NAME = oseroApp;
			};
			name = Debug;
		};
		EDA6A12E234C1065001208D6 /* Release */ = {
			isa = XCBuildConfiguration;
			buildSettings = {
				ALWAYS_EMBED_SWIFT_STANDARD_LIBRARIES = YES;
				CODE_SIGN_STYLE = Automatic;
				DEVELOPMENT_TEAM = 9WXQ27SLSD;
				INFOPLIST_FILE = oseroAppUITests/Info.plist;
				LD_RUNPATH_SEARCH_PATHS = (
					"$(inherited)",
					"@executable_path/Frameworks",
					"@loader_path/Frameworks",
				);
				PRODUCT_BUNDLE_IDENTIFIER = morita.oseroAppUITests;
				PRODUCT_NAME = "$(TARGET_NAME)";
				SWIFT_VERSION = 5.0;
				TARGETED_DEVICE_FAMILY = "1,2";
				TEST_TARGET_NAME = oseroApp;
			};
			name = Release;
		};
/* End XCBuildConfiguration section */

/* Begin XCConfigurationList section */
		EDA6A0F7234C1062001208D6 /* Build configuration list for PBXProject "oseroApp" */ = {
			isa = XCConfigurationList;
			buildConfigurations = (
				EDA6A124234C1065001208D6 /* Debug */,
				EDA6A125234C1065001208D6 /* Release */,
			);
			defaultConfigurationIsVisible = 0;
			defaultConfigurationName = Release;
		};
		EDA6A126234C1065001208D6 /* Build configuration list for PBXNativeTarget "oseroApp" */ = {
			isa = XCConfigurationList;
			buildConfigurations = (
				EDA6A127234C1065001208D6 /* Debug */,
				EDA6A128234C1065001208D6 /* Release */,
			);
			defaultConfigurationIsVisible = 0;
			defaultConfigurationName = Release;
		};
		EDA6A129234C1065001208D6 /* Build configuration list for PBXNativeTarget "oseroAppTests" */ = {
			isa = XCConfigurationList;
			buildConfigurations = (
				EDA6A12A234C1065001208D6 /* Debug */,
				EDA6A12B234C1065001208D6 /* Release */,
			);
			defaultConfigurationIsVisible = 0;
			defaultConfigurationName = Release;
		};
		EDA6A12C234C1065001208D6 /* Build configuration list for PBXNativeTarget "oseroAppUITests" */ = {
			isa = XCConfigurationList;
			buildConfigurations = (
				EDA6A12D234C1065001208D6 /* Debug */,
				EDA6A12E234C1065001208D6 /* Release */,
			);
			defaultConfigurationIsVisible = 0;
			defaultConfigurationName = Release;
		};
/* End XCConfigurationList section */
	};
	rootObject = EDA6A0F4234C1062001208D6 /* Project object */;
}
